
Microsoft Visual Studio Solution File, Format Version 12.00
# Visual Studio Version 17
VisualStudioVersion = 17.2.32616.157
MinimumVisualStudioVersion = 10.0.40219.1
Project("{FAE04EC0-301F-11D3-BF4B-00C04F79EFBC}") = "Launcher_VLCM_lsaj", "Launcher_VLCM_lsaj\Launcher_VLCM_lsaj.csproj", "{2D4BD904-E85E-4664-AD17-5920D9B049AE}"
EndProject
Project("{FAE04EC0-301F-11D3-BF4B-00C04F79EFBC}") = "Captcha", "Captcha\Captcha.csproj", "{5A8CA2DB-D059-4948-898C-48D5DFF0B16A}"
EndProject
Project("{FAE04EC0-301F-11D3-BF4B-00C04F79EFBC}") = "OcrLiteLib", "OcrLiteLib\OcrLiteLib.csproj", "{3A1647DA-83CD-4F9D-9FFA-F663BB55FF6A}"
EndProject
Global
	GlobalSection(SolutionConfigurationPlatforms) = preSolution
		Debug|Any CPU = Debug|Any CPU
		Debug|ARM64 = Debug|ARM64
		Debug|x64 = Debug|x64
		Debug|x86 = Debug|x86
		Release|Any CPU = Release|Any CPU
		Release|ARM64 = Release|ARM64
		Release|x64 = Release|x64
		Release|x86 = Release|x86
	EndGlobalSection
	GlobalSection(ProjectConfigurationPlatforms) = postSolution
		{2D4BD904-E85E-4664-AD17-5920D9B049AE}.Debug|Any CPU.ActiveCfg = Debug|Any CPU
		{2D4BD904-E85E-4664-AD17-5920D9B049AE}.Debug|Any CPU.Build.0 = Debug|Any CPU
		{2D4BD904-E85E-4664-AD17-5920D9B049AE}.Debug|ARM64.ActiveCfg = Debug|Any CPU
		{2D4BD904-E85E-4664-AD17-5920D9B049AE}.Debug|ARM64.Build.0 = Debug|Any CPU
		{2D4BD904-E85E-4664-AD17-5920D9B049AE}.Debug|x64.ActiveCfg = Debug|x64
		{2D4BD904-E85E-4664-AD17-5920D9B049AE}.Debug|x64.Build.0 = Debug|x64
		{2D4BD904-E85E-4664-AD17-5920D9B049AE}.Debug|x86.ActiveCfg = Debug|x86
		{2D4BD904-E85E-4664-AD17-5920D9B049AE}.Debug|x86.Build.0 = Debug|x86
		{2D4BD904-E85E-4664-AD17-5920D9B049AE}.Release|Any CPU.ActiveCfg = Release|Any CPU
		{2D4BD904-E85E-4664-AD17-5920D9B049AE}.Release|Any CPU.Build.0 = Release|Any CPU
		{2D4BD904-E85E-4664-AD17-5920D9B049AE}.Release|ARM64.ActiveCfg = Release|Any CPU
		{2D4BD904-E85E-4664-AD17-5920D9B049AE}.Release|ARM64.Build.0 = Release|Any CPU
		{2D4BD904-E85E-4664-AD17-5920D9B049AE}.Release|x64.ActiveCfg = Release|x64
		{2D4BD904-E85E-4664-AD17-5920D9B049AE}.Release|x64.Build.0 = Release|x64
		{2D4BD904-E85E-4664-AD17-5920D9B049AE}.Release|x86.ActiveCfg = Release|x86
		{2D4BD904-E85E-4664-AD17-5920D9B049AE}.Release|x86.Build.0 = Release|x86
		{5A8CA2DB-D059-4948-898C-48D5DFF0B16A}.Debug|Any CPU.ActiveCfg = Debug|Any CPU
		{5A8CA2DB-D059-4948-898C-48D5DFF0B16A}.Debug|Any CPU.Build.0 = Debug|Any CPU
		{5A8CA2DB-D059-4948-898C-48D5DFF0B16A}.Debug|ARM64.ActiveCfg = Debug|Any CPU
		{5A8CA2DB-D059-4948-898C-48D5DFF0B16A}.Debug|ARM64.Build.0 = Debug|Any CPU
		{5A8CA2DB-D059-4948-898C-48D5DFF0B16A}.Debug|x64.ActiveCfg = Debug|Any CPU
		{5A8CA2DB-D059-4948-898C-48D5DFF0B16A}.Debug|x64.Build.0 = Debug|Any CPU
		{5A8CA2DB-D059-4948-898C-48D5DFF0B16A}.Debug|x86.ActiveCfg = Debug|Any CPU
		{5A8CA2DB-D059-4948-898C-48D5DFF0B16A}.Debug|x86.Build.0 = Debug|Any CPU
		{5A8CA2DB-D059-4948-898C-48D5DFF0B16A}.Release|Any CPU.ActiveCfg = Release|Any CPU
		{5A8CA2DB-D059-4948-898C-48D5DFF0B16A}.Release|Any CPU.Build.0 = Release|Any CPU
		{5A8CA2DB-D059-4948-898C-48D5DFF0B16A}.Release|ARM64.ActiveCfg = Release|Any CPU
		{5A8CA2DB-D059-4948-898C-48D5DFF0B16A}.Release|ARM64.Build.0 = Release|Any CPU
		{5A8CA2DB-D059-4948-898C-48D5DFF0B16A}.Release|x64.ActiveCfg = Release|Any CPU
		{5A8CA2DB-D059-4948-898C-48D5DFF0B16A}.Release|x64.Build.0 = Release|Any CPU
		{5A8CA2DB-D059-4948-898C-48D5DFF0B16A}.Release|x86.ActiveCfg = Release|Any CPU
		{5A8CA2DB-D059-4948-898C-48D5DFF0B16A}.Release|x86.Build.0 = Release|Any CPU
		{3A1647DA-83CD-4F9D-9FFA-F663BB55FF6A}.Debug|Any CPU.ActiveCfg = Debug|Any CPU
		{3A1647DA-83CD-4F9D-9FFA-F663BB55FF6A}.Debug|Any CPU.Build.0 = Debug|Any CPU
		{3A1647DA-83CD-4F9D-9FFA-F663BB55FF6A}.Debug|ARM64.ActiveCfg = Debug|ARM64
		{3A1647DA-83CD-4F9D-9FFA-F663BB55FF6A}.Debug|ARM64.Build.0 = Debug|ARM64
		{3A1647DA-83CD-4F9D-9FFA-F663BB55FF6A}.Debug|x64.ActiveCfg = Debug|Any CPU
		{3A1647DA-83CD-4F9D-9FFA-F663BB55FF6A}.Debug|x64.Build.0 = Debug|Any CPU
		{3A1647DA-83CD-4F9D-9FFA-F663BB55FF6A}.Debug|x86.ActiveCfg = Debug|Win32
		{3A1647DA-83CD-4F9D-9FFA-F663BB55FF6A}.Debug|x86.Build.0 = Debug|Win32
		{3A1647DA-83CD-4F9D-9FFA-F663BB55FF6A}.Release|Any CPU.ActiveCfg = Release|Any CPU
		{3A1647DA-83CD-4F9D-9FFA-F663BB55FF6A}.Release|Any CPU.Build.0 = Release|Any CPU
		{3A1647DA-83CD-4F9D-9FFA-F663BB55FF6A}.Release|ARM64.ActiveCfg = Release|ARM64
		{3A1647DA-83CD-4F9D-9FFA-F663BB55FF6A}.Release|ARM64.Build.0 = Release|ARM64
		{3A1647DA-83CD-4F9D-9FFA-F663BB55FF6A}.Release|x64.ActiveCfg = Release|Any CPU
		{3A1647DA-83CD-4F9D-9FFA-F663BB55FF6A}.Release|x64.Build.0 = Release|Any CPU
		{3A1647DA-83CD-4F9D-9FFA-F663BB55FF6A}.Release|x86.ActiveCfg = Release|Win32
		{3A1647DA-83CD-4F9D-9FFA-F663BB55FF6A}.Release|x86.Build.0 = Release|Win32
	EndGlobalSection
	GlobalSection(SolutionProperties) = preSolution
		HideSolutionNode = FALSE
	EndGlobalSection
	GlobalSection(ExtensibilityGlobals) = postSolution
		SolutionGuid = {83FBDE3D-F6A2-4B8A-86C5-E6063D9AC1BD}
	EndGlobalSection
EndGlobal
