
Microsoft Visual Studio Solution File, Format Version 12.00
# Visual Studio Version 17
VisualStudioVersion = 17.6.33723.286
MinimumVisualStudioVersion = 10.0.40219.1
Project("{9A19103F-16F7-4668-BE54-9A1E7A4F7556}") = "Launcher_VLCM_niua_lsaj", "Launcher_VLCM_niua_lsaj\Launcher_VLCM_niua_lsaj.csproj", "{2D4BD904-E85E-4664-AD17-5920D9B049AE}"
EndProject
Project("{FAE04EC0-301F-11D3-BF4B-00C04F79EFBC}") = "Captcha", "Captcha\Captcha.csproj", "{120114AD-14AD-41CB-8E74-957933707F00}"
EndProject
Global
	GlobalSection(SolutionConfigurationPlatforms) = preSolution
		Debug|Any CPU = Debug|Any CPU
		Release|Any CPU = Release|Any CPU
	EndGlobalSection
	GlobalSection(ProjectConfigurationPlatforms) = postSolution
		{2D4BD904-E85E-4664-AD17-5920D9B049AE}.Debug|Any CPU.ActiveCfg = Debug|Any CPU
		{2D4BD904-E85E-4664-AD17-5920D9B049AE}.Debug|Any CPU.Build.0 = Debug|Any CPU
		{2D4BD904-E85E-4664-AD17-5920D9B049AE}.Release|Any CPU.ActiveCfg = Release|Any CPU
		{2D4BD904-E85E-4664-AD17-5920D9B049AE}.Release|Any CPU.Build.0 = Release|Any CPU
		{120114AD-14AD-41CB-8E74-957933707F00}.Debug|Any CPU.ActiveCfg = Debug|Any CPU
		{120114AD-14AD-41CB-8E74-957933707F00}.Debug|Any CPU.Build.0 = Debug|Any CPU
		{120114AD-14AD-41CB-8E74-957933707F00}.Release|Any CPU.ActiveCfg = Release|Any CPU
		{120114AD-14AD-41CB-8E74-957933707F00}.Release|Any CPU.Build.0 = Release|Any CPU
	EndGlobalSection
	GlobalSection(SolutionProperties) = preSolution
		HideSolutionNode = FALSE
	EndGlobalSection
EndGlobal
